// !$*UTF8*$!
{
	archiveVersion = 1;
	classes = {
	};
	objectVersion = 55;
	objects = {

/* Begin PBXBuildFile section */
		4675B1F627BFD21800F3A333 /* MovieAppUIApp.swift in Sources */ = {isa = PBXBuildFile; fileRef = 4675B1F527BFD21800F3A333 /* MovieAppUIApp.swift */; };
		4675B1F827BFD21800F3A333 /* ContentView.swift in Sources */ = {isa = PBXBuildFile; fileRef = 4675B1F727BFD21800F3A333 /* ContentView.swift */; };
		4675B1FA27BFD21900F3A333 /* Assets.xcassets in Resources */ = {isa = PBXBuildFile; fileRef = 4675B1F927BFD21900F3A333 /* Assets.xcassets */; };
		4675B1FD27BFD21900F3A333 /* Preview Assets.xcassets in Resources */ = {isa = PBXBuildFile; fileRef = 4675B1FC27BFD21900F3A333 /* Preview Assets.xcassets */; };
		4675B1FF27BFD21900F3A333 /* Persistence.swift in Sources */ = {isa = PBXBuildFile; fileRef = 4675B1FE27BFD21900F3A333 /* Persistence.swift */; };
		4675B20227BFD21900F3A333 /* MovieAppUI.xcdatamodeld in Sources */ = {isa = PBXBuildFile; fileRef = 4675B20027BFD21900F3A333 /* MovieAppUI.xcdatamodeld */; };
		4675B20C27BFD21900F3A333 /* MovieAppUITests.swift in Sources */ = {isa = PBXBuildFile; fileRef = 4675B20B27BFD21900F3A333 /* MovieAppUITests.swift */; };
		4675B21627BFD21900F3A333 /* MovieAppUIUITests.swift in Sources */ = {isa = PBXBuildFile; fileRef = 4675B21527BFD21900F3A333 /* MovieAppUIUITests.swift */; };
		4675B21827BFD21900F3A333 /* MovieAppUIUITestsLaunchTests.swift in Sources */ = {isa = PBXBuildFile; fileRef = 4675B21727BFD21900F3A333 /* MovieAppUIUITestsLaunchTests.swift */; };
/* End PBXBuildFile section */

/* Begin PBXContainerItemProxy section */
		4675B20827BFD21900F3A333 /* PBXContainerItemProxy */ = {
			isa = PBXContainerItemProxy;
			containerPortal = 4675B1EA27BFD21800F3A333 /* Project object */;
			proxyType = 1;
			remoteGlobalIDString = 4675B1F127BFD21800F3A333;
			remoteInfo = MovieAppUI;
		};
		4675B21227BFD21900F3A333 /* PBXContainerItemProxy */ = {
			isa = PBXContainerItemProxy;
			containerPortal = 4675B1EA27BFD21800F3A333 /* Project object */;
			proxyType = 1;
			remoteGlobalIDString = 4675B1F127BFD21800F3A333;
			remoteInfo = MovieAppUI;
		};
/* End PBXContainerItemProxy section */

/* Begin PBXFileReference section */
		4675B1F227BFD21800F3A333 /* MovieAppUI.app */ = {isa = PBXFileReference; explicitFileType = wrapper.application; includeInIndex = 0; path = MovieAppUI.app; sourceTree = BUILT_PRODUCTS_DIR; };
		4675B1F527BFD21800F3A333 /* MovieAppUIApp.swift */ = {isa = PBXFileReference; lastKnownFileType = sourcecode.swift; path = MovieAppUIApp.swift; sourceTree = "<group>"; };
		4675B1F727BFD21800F3A333 /* ContentView.swift */ = {isa = PBXFileReference; lastKnownFileType = sourcecode.swift; path = ContentView.swift; sourceTree = "<group>"; };
		4675B1F927BFD21900F3A333 /* Assets.xcassets */ = {isa = PBXFileReference; lastKnownFileType = folder.assetcatalog; path = Assets.xcassets; sourceTree = "<group>"; };
		4675B1FC27BFD21900F3A333 /* Preview Assets.xcassets */ = {isa = PBXFileReference; lastKnownFileType = folder.assetcatalog; path = "Preview Assets.xcassets"; sourceTree = "<group>"; };
		4675B1FE27BFD21900F3A333 /* Persistence.swift */ = {isa = PBXFileReference; lastKnownFileType = sourcecode.swift; path = Persistence.swift; sourceTree = "<group>"; };
		4675B20127BFD21900F3A333 /* MovieAppUI.xcdatamodel */ = {isa = PBXFileReference; lastKnownFileType = wrapper.xcdatamodel; path = MovieAppUI.xcdatamodel; sourceTree = "<group>"; };
		4675B20727BFD21900F3A333 /* MovieAppUITests.xctest */ = {isa = PBXFileReference; explicitFileType = wrapper.cfbundle; includeInIndex = 0; path = MovieAppUITests.xctest; sourceTree = BUILT_PRODUCTS_DIR; };
		4675B20B27BFD21900F3A333 /* MovieAppUITests.swift */ = {isa = PBXFileReference; lastKnownFileType = sourcecode.swift; path = MovieAppUITests.swift; sourceTree = "<group>"; };
		4675B21127BFD21900F3A333 /* MovieAppUIUITests.xctest */ = {isa = PBXFileReference; explicitFileType = wrapper.cfbundle; includeInIndex = 0; path = MovieAppUIUITests.xctest; sourceTree = BUILT_PRODUCTS_DIR; };
		4675B21527BFD21900F3A333 /* MovieAppUIUITests.swift */ = {isa = PBXFileReference; lastKnownFileType = sourcecode.swift; path = MovieAppUIUITests.swift; sourceTree = "<group>"; };
		4675B21727BFD21900F3A333 /* MovieAppUIUITestsLaunchTests.swift */ = {isa = PBXFileReference; lastKnownFileType = sourcecode.swift; path = MovieAppUIUITestsLaunchTests.swift; sourceTree = "<group>"; };
/* End PBXFileReference section */

/* Begin PBXFrameworksBuildPhase section */
		4675B1EF27BFD21800F3A333 /* Frameworks */ = {
			isa = PBXFrameworksBuildPhase;
			buildActionMask = 2147483647;
			files = (
			);
			runOnlyForDeploymentPostprocessing = 0;
		};
		4675B20427BFD21900F3A333 /* Frameworks */ = {
			isa = PBXFrameworksBuildPhase;
			buildActionMask = 2147483647;
			files = (
			);
			runOnlyForDeploymentPostprocessing = 0;
		};
		4675B20E27BFD21900F3A333 /* Frameworks */ = {
			isa = PBXFrameworksBuildPhase;
			buildActionMask = 2147483647;
			files = (
			);
			runOnlyForDeploymentPostprocessing = 0;
		};
/* End PBXFrameworksBuildPhase section */

/* Begin PBXGroup section */
		4675B1E927BFD21800F3A333 = {
			isa = PBXGroup;
			children = (
				4675B1F427BFD21800F3A333 /* MovieAppUI */,
				4675B20A27BFD21900F3A333 /* MovieAppUITests */,
				4675B21427BFD21900F3A333 /* MovieAppUIUITests */,
				4675B1F327BFD21800F3A333 /* Products */,
			);
			sourceTree = "<group>";
		};
		4675B1F327BFD21800F3A333 /* Products */ = {
			isa = PBXGroup;
			children = (
				4675B1F227BFD21800F3A333 /* MovieAppUI.app */,
				4675B20727BFD21900F3A333 /* MovieAppUITests.xctest */,
				4675B21127BFD21900F3A333 /* MovieAppUIUITests.xctest */,
			);
			name = Products;
			sourceTree = "<group>";
		};
		4675B1F427BFD21800F3A333 /* MovieAppUI */ = {
			isa = PBXGroup;
			children = (
				4675B1F527BFD21800F3A333 /* MovieAppUIApp.swift */,
				4675B1F727BFD21800F3A333 /* ContentView.swift */,
				4675B1F927BFD21900F3A333 /* Assets.xcassets */,
				4675B1FE27BFD21900F3A333 /* Persistence.swift */,
				4675B20027BFD21900F3A333 /* MovieAppUI.xcdatamodeld */,
				4675B1FB27BFD21900F3A333 /* Preview Content */,
			);
			path = MovieAppUI;
			sourceTree = "<group>";
		};
		4675B1FB27BFD21900F3A333 /* Preview Content */ = {
			isa = PBXGroup;
			children = (
				4675B1FC27BFD21900F3A333 /* Preview Assets.xcassets */,
			);
			path = "Preview Content";
			sourceTree = "<group>";
		};
		4675B20A27BFD21900F3A333 /* MovieAppUITests */ = {
			isa = PBXGroup;
			children = (
				4675B20B27BFD21900F3A333 /* MovieAppUITests.swift */,
			);
			path = MovieAppUITests;
			sourceTree = "<group>";
		};
		4675B21427BFD21900F3A333 /* MovieAppUIUITests */ = {
			isa = PBXGroup;
			children = (
				4675B21527BFD21900F3A333 /* MovieAppUIUITests.swift */,
				4675B21727BFD21900F3A333 /* MovieAppUIUITestsLaunchTests.swift */,
			);
			path = MovieAppUIUITests;
			sourceTree = "<group>";
		};
/* End PBXGroup section */

/* Begin PBXNativeTarget section */
		4675B1F127BFD21800F3A333 /* MovieAppUI */ = {
			isa = PBXNativeTarget;
			buildConfigurationList = 4675B21B27BFD21900F3A333 /* Build configuration list for PBXNativeTarget "MovieAppUI" */;
			buildPhases = (
				4675B1EE27BFD21800F3A333 /* Sources */,
				4675B1EF27BFD21800F3A333 /* Frameworks */,
				4675B1F027BFD21800F3A333 /* Resources */,
			);
			buildRules = (
			);
			dependencies = (
			);
			name = MovieAppUI;
			productName = MovieAppUI;
			productReference = 4675B1F227BFD21800F3A333 /* MovieAppUI.app */;
			productType = "com.apple.product-type.application";
		};
		4675B20627BFD21900F3A333 /* MovieAppUITests */ = {
			isa = PBXNativeTarget;
			buildConfigurationList = 4675B21E27BFD21900F3A333 /* Build configuration list for PBXNativeTarget "MovieAppUITests" */;
			buildPhases = (
				4675B20327BFD21900F3A333 /* Sources */,
				4675B20427BFD21900F3A333 /* Frameworks */,
				4675B20527BFD21900F3A333 /* Resources */,
			);
			buildRules = (
			);
			dependencies = (
				4675B20927BFD21900F3A333 /* PBXTargetDependency */,
			);
			name = MovieAppUITests;
			productName = MovieAppUITests;
			productReference = 4675B20727BFD21900F3A333 /* MovieAppUITests.xctest */;
			productType = "com.apple.product-type.bundle.unit-test";
		};
		4675B21027BFD21900F3A333 /* MovieAppUIUITests */ = {
			isa = PBXNativeTarget;
			buildConfigurationList = 4675B22127BFD21900F3A333 /* Build configuration list for PBXNativeTarget "MovieAppUIUITests" */;
			buildPhases = (
				4675B20D27BFD21900F3A333 /* Sources */,
				4675B20E27BFD21900F3A333 /* Frameworks */,
				4675B20F27BFD21900F3A333 /* Resources */,
			);
			buildRules = (
			);
			dependencies = (
				4675B21327BFD21900F3A333 /* PBXTargetDependency */,
			);
			name = MovieAppUIUITests;
			productName = MovieAppUIUITests;
			productReference = 4675B21127BFD21900F3A333 /* MovieAppUIUITests.xctest */;
			productType = "com.apple.product-type.bundle.ui-testing";
		};
/* End PBXNativeTarget section */

/* Begin PBXProject section */
		4675B1EA27BFD21800F3A333 /* Project object */ = {
			isa = PBXProject;
			attributes = {
				BuildIndependentTargetsInParallel = 1;
				LastSwiftUpdateCheck = 1320;
				LastUpgradeCheck = 1320;
				TargetAttributes = {
					4675B1F127BFD21800F3A333 = {
						CreatedOnToolsVersion = 13.2.1;
					};
					4675B20627BFD21900F3A333 = {
						CreatedOnToolsVersion = 13.2.1;
						TestTargetID = 4675B1F127BFD21800F3A333;
					};
					4675B21027BFD21900F3A333 = {
						CreatedOnToolsVersion = 13.2.1;
						TestTargetID = 4675B1F127BFD21800F3A333;
					};
				};
			};
			buildConfigurationList = 4675B1ED27BFD21800F3A333 /* Build configuration list for PBXProject "MovieAppUI" */;
			compatibilityVersion = "Xcode 13.0";
			developmentRegion = en;
			hasScannedForEncodings = 0;
			knownRegions = (
				en,
				Base,
			);
			mainGroup = 4675B1E927BFD21800F3A333;
			productRefGroup = 4675B1F327BFD21800F3A333 /* Products */;
			projectDirPath = "";
			projectRoot = "";
			targets = (
				4675B1F127BFD21800F3A333 /* MovieAppUI */,
				4675B20627BFD21900F3A333 /* MovieAppUITests */,
				4675B21027BFD21900F3A333 /* MovieAppUIUITests */,
			);
		};
/* End PBXProject section */

/* Begin PBXResourcesBuildPhase section */
		4675B1F027BFD21800F3A333 /* Resources */ = {
			isa = PBXResourcesBuildPhase;
			buildActionMask = 2147483647;
			files = (
				4675B1FD27BFD21900F3A333 /* Preview Assets.xcassets in Resources */,
				4675B1FA27BFD21900F3A333 /* Assets.xcassets in Resources */,
			);
			runOnlyForDeploymentPostprocessing = 0;
		};
		4675B20527BFD21900F3A333 /* Resources */ = {
			isa = PBXResourcesBuildPhase;
			buildActionMask = 2147483647;
			files = (
			);
			runOnlyForDeploymentPostprocessing = 0;
		};
		4675B20F27BFD21900F3A333 /* Resources */ = {
			isa = PBXResourcesBuildPhase;
			buildActionMask = 2147483647;
			files = (
			);
			runOnlyForDeploymentPostprocessing = 0;
		};
/* End PBXResourcesBuildPhase section */

/* Begin PBXSourcesBuildPhase section */
		4675B1EE27BFD21800F3A333 /* Sources */ = {
			isa = PBXSourcesBuildPhase;
			buildActionMask = 2147483647;
			files = (
				4675B1FF27BFD21900F3A333 /* Persistence.swift in Sources */,
				4675B1F827BFD21800F3A333 /* ContentView.swift in Sources */,
				4675B20227BFD21900F3A333 /* MovieAppUI.xcdatamodeld in Sources */,
				4675B1F627BFD21800F3A333 /* MovieAppUIApp.swift in Sources */,
			);
			runOnlyForDeploymentPostprocessing = 0;
		};
		4675B20327BFD21900F3A333 /* Sources */ = {
			isa = PBXSourcesBuildPhase;
			buildActionMask = 2147483647;
			files = (
				4675B20C27BFD21900F3A333 /* MovieAppUITests.swift in Sources */,
			);
			runOnlyForDeploymentPostprocessing = 0;
		};
		4675B20D27BFD21900F3A333 /* Sources */ = {
			isa = PBXSourcesBuildPhase;
			buildActionMask = 2147483647;
			files = (
				4675B21627BFD21900F3A333 /* MovieAppUIUITests.swift in Sources */,
				4675B21827BFD21900F3A333 /* MovieAppUIUITestsLaunchTests.swift in Sources */,
			);
			runOnlyForDeploymentPostprocessing = 0;
		};
/* End PBXSourcesBuildPhase section */

/* Begin PBXTargetDependency section */
		4675B20927BFD21900F3A333 /* PBXTargetDependency */ = {
			isa = PBXTargetDependency;
			target = 4675B1F127BFD21800F3A333 /* MovieAppUI */;
			targetProxy = 4675B20827BFD21900F3A333 /* PBXContainerItemProxy */;
		};
		4675B21327BFD21900F3A333 /* PBXTargetDependency */ = {
			isa = PBXTargetDependency;
			target = 4675B1F127BFD21800F3A333 /* MovieAppUI */;
			targetProxy = 4675B21227BFD21900F3A333 /* PBXContainerItemProxy */;
		};
/* End PBXTargetDependency section */

/* Begin XCBuildConfiguration section */
		4675B21927BFD21900F3A333 /* Debug */ = {
			isa = XCBuildConfiguration;
			buildSettings = {
				ALWAYS_SEARCH_USER_PATHS = NO;
				CLANG_ANALYZER_NONNULL = YES;
				CLANG_ANALYZER_NUMBER_OBJECT_CONVERSION = YES_AGGRESSIVE;
				CLANG_CXX_LANGUAGE_STANDARD = "gnu++17";
				CLANG_CXX_LIBRARY = "libc++";
				CLANG_ENABLE_MODULES = YES;
				CLANG_ENABLE_OBJC_ARC = YES;
				CLANG_ENABLE_OBJC_WEAK = YES;
				CLANG_WARN_BLOCK_CAPTURE_AUTORELEASING = YES;
				CLANG_WARN_BOOL_CONVERSION = YES;
				CLANG_WARN_COMMA = YES;
				CLANG_WARN_CONSTANT_CONVERSION = YES;
				CLANG_WARN_DEPRECATED_OBJC_IMPLEMENTATIONS = YES;
				CLANG_WARN_DIRECT_OBJC_ISA_USAGE = YES_ERROR;
				CLANG_WARN_DOCUMENTATION_COMMENTS = YES;
				CLANG_WARN_EMPTY_BODY = YES;
				CLANG_WARN_ENUM_CONVERSION = YES;
				CLANG_WARN_INFINITE_RECURSION = YES;
				CLANG_WARN_INT_CONVERSION = YES;
				CLANG_WARN_NON_LITERAL_NULL_CONVERSION = YES;
				CLANG_WARN_OBJC_IMPLICIT_RETAIN_SELF = YES;
				CLANG_WARN_OBJC_LITERAL_CONVERSION = YES;
				CLANG_WARN_OBJC_ROOT_CLASS = YES_ERROR;
				CLANG_WARN_QUOTED_INCLUDE_IN_FRAMEWORK_HEADER = YES;
				CLANG_WARN_RANGE_LOOP_ANALYSIS = YES;
				CLANG_WARN_STRICT_PROTOTYPES = YES;
				CLANG_WARN_SUSPICIOUS_MOVE = YES;
				CLANG_WARN_UNGUARDED_AVAILABILITY = YES_AGGRESSIVE;
				CLANG_WARN_UNREACHABLE_CODE = YES;
				CLANG_WARN__DUPLICATE_METHOD_MATCH = YES;
				COPY_PHASE_STRIP = NO;
				DEBUG_INFORMATION_FORMAT = dwarf;
				ENABLE_STRICT_OBJC_MSGSEND = YES;
				ENABLE_TESTABILITY = YES;
				GCC_C_LANGUAGE_STANDARD = gnu11;
				GCC_DYNAMIC_NO_PIC = NO;
				GCC_NO_COMMON_BLOCKS = YES;
				GCC_OPTIMIZATION_LEVEL = 0;
				GCC_PREPROCESSOR_DEFINITIONS = (
					"DEBUG=1",
					"$(inherited)",
				);
				GCC_WARN_64_TO_32_BIT_CONVERSION = YES;
				GCC_WARN_ABOUT_RETURN_TYPE = YES_ERROR;
				GCC_WARN_UNDECLARED_SELECTOR = YES;
				GCC_WARN_UNINITIALIZED_AUTOS = YES_AGGRESSIVE;
				GCC_WARN_UNUSED_FUNCTION = YES;
				GCC_WARN_UNUSED_VARIABLE = YES;
				IPHONEOS_DEPLOYMENT_TARGET = 15.2;
				MTL_ENABLE_DEBUG_INFO = INCLUDE_SOURCE;
				MTL_FAST_MATH = YES;
				ONLY_ACTIVE_ARCH = YES;
				SDKROOT = iphoneos;
				SWIFT_ACTIVE_COMPILATION_CONDITIONS = DEBUG;
				SWIFT_OPTIMIZATION_LEVEL = "-Onone";
			};
			name = Debug;
		};
		4675B21A27BFD21900F3A333 /* Release */ = {
			isa = XCBuildConfiguration;
			buildSettings = {
				ALWAYS_SEARCH_USER_PATHS = NO;
				CLANG_ANALYZER_NONNULL = YES;
				CLANG_ANALYZER_NUMBER_OBJECT_CONVERSION = YES_AGGRESSIVE;
				CLANG_CXX_LANGUAGE_STANDARD = "gnu++17";
				CLANG_CXX_LIBRARY = "libc++";
				CLANG_ENABLE_MODULES = YES;
				CLANG_ENABLE_OBJC_ARC = YES;
				CLANG_ENABLE_OBJC_WEAK = YES;
				CLANG_WARN_BLOCK_CAPTURE_AUTORELEASING = YES;
				CLANG_WARN_BOOL_CONVERSION = YES;
				CLANG_WARN_COMMA = YES;
				CLANG_WARN_CONSTANT_CONVERSION = YES;
				CLANG_WARN_DEPRECATED_OBJC_IMPLEMENTATIONS = YES;
				CLANG_WARN_DIRECT_OBJC_ISA_USAGE = YES_ERROR;
				CLANG_WARN_DOCUMENTATION_COMMENTS = YES;
				CLANG_WARN_EMPTY_BODY = YES;
				CLANG_WARN_ENUM_CONVERSION = YES;
				CLANG_WARN_INFINITE_RECURSION = YES;
				CLANG_WARN_INT_CONVERSION = YES;
				CLANG_WARN_NON_LITERAL_NULL_CONVERSION = YES;
				CLANG_WARN_OBJC_IMPLICIT_RETAIN_SELF = YES;
				CLANG_WARN_OBJC_LITERAL_CONVERSION = YES;
				CLANG_WARN_OBJC_ROOT_CLASS = YES_ERROR;
				CLANG_WARN_QUOTED_INCLUDE_IN_FRAMEWORK_HEADER = YES;
				CLANG_WARN_RANGE_LOOP_ANALYSIS = YES;
				CLANG_WARN_STRICT_PROTOTYPES = YES;
				CLANG_WARN_SUSPICIOUS_MOVE = YES;
				CLANG_WARN_UNGUARDED_AVAILABILITY = YES_AGGRESSIVE;
				CLANG_WARN_UNREACHABLE_CODE = YES;
				CLANG_WARN__DUPLICATE_METHOD_MATCH = YES;
				COPY_PHASE_STRIP = NO;
				DEBUG_INFORMATION_FORMAT = "dwarf-with-dsym";
				ENABLE_NS_ASSERTIONS = NO;
				ENABLE_STRICT_OBJC_MSGSEND = YES;
				GCC_C_LANGUAGE_STANDARD = gnu11;
				GCC_NO_COMMON_BLOCKS = YES;
				GCC_WARN_64_TO_32_BIT_CONVERSION = YES;
				GCC_WARN_ABOUT_RETURN_TYPE = YES_ERROR;
				GCC_WARN_UNDECLARED_SELECTOR = YES;
				GCC_WARN_UNINITIALIZED_AUTOS = YES_AGGRESSIVE;
				GCC_WARN_UNUSED_FUNCTION = YES;
				GCC_WARN_UNUSED_VARIABLE = YES;
				IPHONEOS_DEPLOYMENT_TARGET = 15.2;
				MTL_ENABLE_DEBUG_INFO = NO;
				MTL_FAST_MATH = YES;
				SDKROOT = iphoneos;
				SWIFT_COMPILATION_MODE = wholemodule;
				SWIFT_OPTIMIZATION_LEVEL = "-O";
				VALIDATE_PRODUCT = YES;
			};
			name = Release;
		};
		4675B21C27BFD21900F3A333 /* Debug */ = {
			isa = XCBuildConfiguration;
			buildSettings = {
				ASSETCATALOG_COMPILER_APPICON_NAME = AppIcon;
				ASSETCATALOG_COMPILER_GLOBAL_ACCENT_COLOR_NAME = AccentColor;
				CODE_SIGN_STYLE = Automatic;
				CURRENT_PROJECT_VERSION = 1;
				DEVELOPMENT_ASSET_PATHS = "\"MovieAppUI/Preview Content\"";
				DEVELOPMENT_TEAM = NTK42KH9H3;
				ENABLE_PREVIEWS = YES;
				GENERATE_INFOPLIST_FILE = YES;
				INFOPLIST_KEY_UIApplicationSceneManifest_Generation = YES;
				INFOPLIST_KEY_UIApplicationSupportsIndirectInputEvents = YES;
				INFOPLIST_KEY_UILaunchScreen_Generation = YES;
				INFOPLIST_KEY_UISupportedInterfaceOrientations_iPad = "UIInterfaceOrientationPortrait UIInterfaceOrientationPortraitUpsideDown UIInterfaceOrientationLandscapeLeft UIInterfaceOrientationLandscapeRight";
				INFOPLIST_KEY_UISupportedInterfaceOrientations_iPhone = "UIInterfaceOrientationPortrait UIInterfaceOrientationLandscapeLeft UIInterfaceOrientationLandscapeRight";
				LD_RUNPATH_SEARCH_PATHS = (
					"$(inherited)",
					"@executable_path/Frameworks",
				);
				MARKETING_VERSION = 1.0;
				PRODUCT_BUNDLE_IDENTIFIER = com.MovieAppUI;
				PRODUCT_NAME = "$(TARGET_NAME)";
				SWIFT_EMIT_LOC_STRINGS = YES;
				SWIFT_VERSION = 5.0;
				TARGETED_DEVICE_FAMILY = "1,2";
			};
			name = Debug;
		};
		4675B21D27BFD21900F3A333 /* Release */ = {
			isa = XCBuildConfiguration;
			buildSettings = {
				ASSETCATALOG_COMPILER_APPICON_NAME = AppIcon;
				ASSETCATALOG_COMPILER_GLOBAL_ACCENT_COLOR_NAME = AccentColor;
				CODE_SIGN_STYLE = Automatic;
				CURRENT_PROJECT_VERSION = 1;
				DEVELOPMENT_ASSET_PATHS = "\"MovieAppUI/Preview Content\"";
				DEVELOPMENT_TEAM = NTK42KH9H3;
				ENABLE_PREVIEWS = YES;
				GENERATE_INFOPLIST_FILE = YES;
				INFOPLIST_KEY_UIApplicationSceneManifest_Generation = YES;
				INFOPLIST_KEY_UIApplicationSupportsIndirectInputEvents = YES;
				INFOPLIST_KEY_UILaunchScreen_Generation = YES;
				INFOPLIST_KEY_UISupportedInterfaceOrientations_iPad = "UIInterfaceOrientationPortrait UIInterfaceOrientationPortraitUpsideDown UIInterfaceOrientationLandscapeLeft UIInterfaceOrientationLandscapeRight";
				INFOPLIST_KEY_UISupportedInterfaceOrientations_iPhone = "UIInterfaceOrientationPortrait UIInterfaceOrientationLandscapeLeft UIInterfaceOrientationLandscapeRight";
				LD_RUNPATH_SEARCH_PATHS = (
					"$(inherited)",
					"@executable_path/Frameworks",
				);
				MARKETING_VERSION = 1.0;
				PRODUCT_BUNDLE_IDENTIFIER = com.MovieAppUI;
				PRODUCT_NAME = "$(TARGET_NAME)";
				SWIFT_EMIT_LOC_STRINGS = YES;
				SWIFT_VERSION = 5.0;
				TARGETED_DEVICE_FAMILY = "1,2";
			};
			name = Release;
		};
		4675B21F27BFD21900F3A333 /* Debug */ = {
			isa = XCBuildConfiguration;
			buildSettings = {
				ALWAYS_EMBED_SWIFT_STANDARD_LIBRARIES = YES;
				BUNDLE_LOADER = "$(TEST_HOST)";
				CODE_SIGN_STYLE = Automatic;
				CURRENT_PROJECT_VERSION = 1;
				DEVELOPMENT_TEAM = NTK42KH9H3;
				GENERATE_INFOPLIST_FILE = YES;
				IPHONEOS_DEPLOYMENT_TARGET = 15.2;
				MARKETING_VERSION = 1.0;
				PRODUCT_BUNDLE_IDENTIFIER = com.MovieAppUITests;
				PRODUCT_NAME = "$(TARGET_NAME)";
				SWIFT_EMIT_LOC_STRINGS = NO;
				SWIFT_VERSION = 5.0;
				TARGETED_DEVICE_FAMILY = "1,2";
				TEST_HOST = "$(BUILT_PRODUCTS_DIR)/MovieAppUI.app/MovieAppUI";
			};
			name = Debug;
		};
		4675B22027BFD21900F3A333 /* Release */ = {
			isa = XCBuildConfiguration;
			buildSettings = {
				ALWAYS_EMBED_SWIFT_STANDARD_LIBRARIES = YES;
				BUNDLE_LOADER = "$(TEST_HOST)";
				CODE_SIGN_STYLE = Automatic;
				CURRENT_PROJECT_VERSION = 1;
				DEVELOPMENT_TEAM = NTK42KH9H3;
				GENERATE_INFOPLIST_FILE = YES;
				IPHONEOS_DEPLOYMENT_TARGET = 15.2;
				MARKETING_VERSION = 1.0;
				PRODUCT_BUNDLE_IDENTIFIER = com.MovieAppUITests;
				PRODUCT_NAME = "$(TARGET_NAME)";
				SWIFT_EMIT_LOC_STRINGS = NO;
				SWIFT_VERSION = 5.0;
				TARGETED_DEVICE_FAMILY = "1,2";
				TEST_HOST = "$(BUILT_PRODUCTS_DIR)/MovieAppUI.app/MovieAppUI";
			};
			name = Release;
		};
		4675B22227BFD21900F3A333 /* Debug */ = {
			isa = XCBuildConfiguration;
			buildSettings = {
				ALWAYS_EMBED_SWIFT_STANDARD_LIBRARIES = YES;
				CODE_SIGN_STYLE = Automatic;
				CURRENT_PROJECT_VERSION = 1;
				DEVELOPMENT_TEAM = NTK42KH9H3;
				GENERATE_INFOPLIST_FILE = YES;
				MARKETING_VERSION = 1.0;
				PRODUCT_BUNDLE_IDENTIFIER = com.MovieAppUIUITests;
				PRODUCT_NAME = "$(TARGET_NAME)";
				SWIFT_EMIT_LOC_STRINGS = NO;
				SWIFT_VERSION = 5.0;
				TARGETED_DEVICE_FAMILY = "1,2";
				TEST_TARGET_NAME = MovieAppUI;
			};
			name = Debug;
		};
		4675B22327BFD21900F3A333 /* Release */ = {
			isa = XCBuildConfiguration;
			buildSettings = {
				ALWAYS_EMBED_SWIFT_STANDARD_LIBRARIES = YES;
				CODE_SIGN_STYLE = Automatic;
				CURRENT_PROJECT_VERSION = 1;
				DEVELOPMENT_TEAM = NTK42KH9H3;
				GENERATE_INFOPLIST_FILE = YES;
				MARKETING_VERSION = 1.0;
				PRODUCT_BUNDLE_IDENTIFIER = com.MovieAppUIUITests;
				PRODUCT_NAME = "$(TARGET_NAME)";
				SWIFT_EMIT_LOC_STRINGS = NO;
				SWIFT_VERSION = 5.0;
				TARGETED_DEVICE_FAMILY = "1,2";
				TEST_TARGET_NAME = MovieAppUI;
			};
			name = Release;
		};
/* End XCBuildConfiguration section */

/* Begin XCConfigurationList section */
		4675B1ED27BFD21800F3A333 /* Build configuration list for PBXProject "MovieAppUI" */ = {
			isa = XCConfigurationList;
			buildConfigurations = (
				4675B21927BFD21900F3A333 /* Debug */,
				4675B21A27BFD21900F3A333 /* Release */,
			);
			defaultConfigurationIsVisible = 0;
			defaultConfigurationName = Release;
		};
		4675B21B27BFD21900F3A333 /* Build configuration list for PBXNativeTarget "MovieAppUI" */ = {
			isa = XCConfigurationList;
			buildConfigurations = (
				4675B21C27BFD21900F3A333 /* Debug */,
				4675B21D27BFD21900F3A333 /* Release */,
			);
			defaultConfigurationIsVisible = 0;
			defaultConfigurationName = Release;
		};
		4675B21E27BFD21900F3A333 /* Build configuration list for PBXNativeTarget "MovieAppUITests" */ = {
			isa = XCConfigurationList;
			buildConfigurations = (
				4675B21F27BFD21900F3A333 /* Debug */,
				4675B22027BFD21900F3A333 /* Release */,
			);
			defaultConfigurationIsVisible = 0;
			defaultConfigurationName = Release;
		};
		4675B22127BFD21900F3A333 /* Build configuration list for PBXNativeTarget "MovieAppUIUITests" */ = {
			isa = XCConfigurationList;
			buildConfigurations = (
				4675B22227BFD21900F3A333 /* Debug */,
				4675B22327BFD21900F3A333 /* Release */,
			);
			defaultConfigurationIsVisible = 0;
			defaultConfigurationName = Release;
		};
/* End XCConfigurationList section */

/* Begin XCVersionGroup section */
		4675B20027BFD21900F3A333 /* MovieAppUI.xcdatamodeld */ = {
			isa = XCVersionGroup;
			children = (
				4675B20127BFD21900F3A333 /* MovieAppUI.xcdatamodel */,
			);
			currentVersion = 4675B20127BFD21900F3A333 /* MovieAppUI.xcdatamodel */;
			path = MovieAppUI.xcdatamodeld;
			sourceTree = "<group>";
			versionGroupType = wrapper.xcdatamodel;
		};
/* End XCVersionGroup section */
	};
	rootObject = 4675B1EA27BFD21800F3A333 /* Project object */;
}
